// !$*UTF8*$!
{
	archiveVersion = 1;
	classes = {
	};
	objectVersion = 46;
	objects = {
/* Begin PBXBuildFile section */
		858B842D18CA22B800AB12DE /* InfoPlist.strings in Resources */ = {isa = PBXBuildFile; fileRef = 858B833A18CA111C00AB12DE /* InfoPlist.strings */; };
		CD45EE7C18DC2D5800FB50C0 /* app in Resources */ = {isa = PBXBuildFile; fileRef = CD45EE7A18DC2D5800FB50C0 /* app */; };
		CD62955D1BB2678900AE3A93 /* main.m in Sources */ = {isa = PBXBuildFile; fileRef = CD62955C1BB2678900AE3A93 /* main.m */; };
		1969C998B9B44F35AE99B82B /* Default-568h@2x.png in Resources */ = {isa = PBXBuildFile; fileRef = 61383BDCC71C45E3B9D6ACBD /* Default-568h@2x.png */; };
		9609DACA8DD3453FA125199C /* Default-667h@2x.png in Resources */ = {isa = PBXBuildFile; fileRef = 931852511F344FE8ACFCC4CF /* Default-667h@2x.png */; };
		ADFCBEF07F1B4F1699899BEE /* Default-736h@3x.png in Resources */ = {isa = PBXBuildFile; fileRef = 83D4DD8C8C7548AAB23DC75A /* Default-736h@3x.png */; };
		4E48B7BE7EAA4475A81B4AB6 /* Default-Landscape-568h@2x.png in Resources */ = {isa = PBXBuildFile; fileRef = 1F6E2332348641948F51638B /* Default-Landscape-568h@2x.png */; };
		9D71E63F2C374209B86306E5 /* Default-Landscape-667h@2x.png in Resources */ = {isa = PBXBuildFile; fileRef = F2BDED7BBBFA4FD691FBF0AF /* Default-Landscape-667h@2x.png */; };
		59244714268C47CEB0EF91B9 /* Default-Landscape.png in Resources */ = {isa = PBXBuildFile; fileRef = F4BB2D4D993E446587ABF353 /* Default-Landscape.png */; };
		F26DF5727BF54D8B9F9105F8 /* Default-Landscape@2x.png in Resources */ = {isa = PBXBuildFile; fileRef = 05D3E6A40E0C4A7284DB9A23 /* Default-Landscape@2x.png */; };
		B55A439BE9F247D4B95963AD /* Default-Landscape@3x.png in Resources */ = {isa = PBXBuildFile; fileRef = 82FD820AB1F14CEBBF531626 /* Default-Landscape@3x.png */; };
		D13ED94F9AB347E0A8BC373D /* Default-Portrait.png in Resources */ = {isa = PBXBuildFile; fileRef = 3AE780FE09B443B9A577E919 /* Default-Portrait.png */; };
		C3C7EFFCE2EC4E28A4D628DB /* Default-Portrait@2x.png in Resources */ = {isa = PBXBuildFile; fileRef = 436F6EA1FEA14A25868771E8 /* Default-Portrait@2x.png */; };
		115E56C380DE4C5F8200C48B /* Default.png in Resources */ = {isa = PBXBuildFile; fileRef = 387DE20573EA48C1AC2A517D /* Default.png */; };
		F60D8F88BB1448028372E4ED /* Default@2x.png in Resources */ = {isa = PBXBuildFile; fileRef = 64FCD7ABDCB4438BA8035EA3 /* Default@2x.png */; };
		ECDB51CC5491487D989759D9 /* Icon-Small-50.png in Resources */ = {isa = PBXBuildFile; fileRef = 098916EC098C4B00A3D08F47 /* Icon-Small-50.png */; };
		B9B4C00BA3F2438386CB2586 /* Icon-Small-50@2x.png in Resources */ = {isa = PBXBuildFile; fileRef = 77F15EC2084E459DA91CF965 /* Icon-Small-50@2x.png */; };
		75A37ACB37BD43CFB7C51B6A /* Icon-Small.png in Resources */ = {isa = PBXBuildFile; fileRef = 6A0DC6B356A44E158154C8FE /* Icon-Small.png */; };
		366242EB9DDF40C0BBCB930C /* Icon-Small@2x.png in Resources */ = {isa = PBXBuildFile; fileRef = 30BBDD3E17AE4A8BB3253BEA /* Icon-Small@2x.png */; };
		F5ADDF907EA54235AC8DAC4F /* build.xcconfig in Resources */ = {isa = PBXBuildFile; fileRef = FD67E683217F477599A59C64 /* build.xcconfig */; };
		4C9EDFE3DDDC49A7A888D2A0 /* icon-40.png in Resources */ = {isa = PBXBuildFile; fileRef = 519505ABB640420287D2A842 /* icon-40.png */; };
		D2F4E2B48F4B4573A1A8F810 /* icon-40@2x.png in Resources */ = {isa = PBXBuildFile; fileRef = 380DC8DE0E994FAC9B246678 /* icon-40@2x.png */; };
		A7E1AD7AE31E422AA8A88BF6 /* icon-60.png in Resources */ = {isa = PBXBuildFile; fileRef = 5F47D3E701EB4246928AC9CA /* icon-60.png */; };
		8B6388741C9A468A90FA86D0 /* icon-60@2x.png in Resources */ = {isa = PBXBuildFile; fileRef = EF6334527BF74089B4877082 /* icon-60@2x.png */; };
		E80437693A914C71AF9037A7 /* icon-72.png in Resources */ = {isa = PBXBuildFile; fileRef = C8101F87D3E44397A2379CB1 /* icon-72.png */; };
		B0F30689025E41E197EDD2AE /* icon-72@2x.png in Resources */ = {isa = PBXBuildFile; fileRef = 38D369575ED44D78AFF1B155 /* icon-72@2x.png */; };
		0820147E09E64424958BFCA6 /* icon-76.png in Resources */ = {isa = PBXBuildFile; fileRef = 1092E3351FD14C8893741F80 /* icon-76.png */; };
		9FB088631EAE41AA968FCB1C /* icon-76@2x.png in Resources */ = {isa = PBXBuildFile; fileRef = 8B8EE685325E4F2BB7E78206 /* icon-76@2x.png */; };
		F297A822AAF1480FB3BB3A6F /* icon.png in Resources */ = {isa = PBXBuildFile; fileRef = 42D775B847E941E390BC0AB7 /* icon.png */; };
		850B98806C5C46879331DBD4 /* icon@2x.png in Resources */ = {isa = PBXBuildFile; fileRef = 71C985B367A849D6A155F613 /* icon@2x.png */; };
/* End PBXBuildFile section */

/* Begin PBXCopyFilesBuildPhase section */
		85F5BDFC1A9363BE006B9701 /* Embed Frameworks */ = {
			isa = PBXCopyFilesBuildPhase;
			buildActionMask = 2147483647;
			dstPath = "";
			dstSubfolderSpec = 10;
			files = (
			);
			name = "Embed Frameworks";
			runOnlyForDeploymentPostprocessing = 0;
		};
/* End PBXCopyFilesBuildPhase section */

/* Begin PBXFileReference section */
		858B832E18CA111C00AB12DE /* HelloAppNativeScript.app */ = {isa = PBXFileReference; explicitFileType = wrapper.application; includeInIndex = 0; path = HelloAppNativeScript.app; sourceTree = BUILT_PRODUCTS_DIR; };
		858B833918CA111C00AB12DE /* HelloAppNativeScript-Info.plist */ = {isa = PBXFileReference; lastKnownFileType = text.plist.xml; path = "HelloAppNativeScript-Info.plist"; sourceTree = "<group>"; };
		858B833B18CA111C00AB12DE /* en */ = {isa = PBXFileReference; lastKnownFileType = text.plist.strings; name = en; path = en.lproj/InfoPlist.strings; sourceTree = "<group>"; };
		858B833F18CA111C00AB12DE /* HelloAppNativeScript-Prefix.pch */ = {isa = PBXFileReference; lastKnownFileType = sourcecode.c.h; path = "HelloAppNativeScript-Prefix.pch"; sourceTree = "<group>"; };
		858B843318CA22B800AB12DE /* HelloAppNativeScript.app */ = {isa = PBXFileReference; explicitFileType = wrapper.application; includeInIndex = 0; path = HelloAppNativeScript.app; sourceTree = BUILT_PRODUCTS_DIR; };
		CD45EE7A18DC2D5800FB50C0 /* app */ = {isa = PBXFileReference; lastKnownFileType = folder; path = app; sourceTree = "<group>"; };
		CD62955C1BB2678900AE3A93 /* main.m */ = {isa = PBXFileReference; fileEncoding = 4; lastKnownFileType = sourcecode.c.objc; name = main.m; path = internal/main.m; sourceTree = SOURCE_ROOT; };
		CDD59A261BB43B5D00EC2671 /* build-debug.xcconfig */ = {isa = PBXFileReference; fileEncoding = 4; lastKnownFileType = text.xcconfig; path = "build-debug.xcconfig"; sourceTree = "<group>"; };
		CDD59A271BB43B5D00EC2671 /* build-release.xcconfig */ = {isa = PBXFileReference; fileEncoding = 4; lastKnownFileType = text.xcconfig; path = "build-release.xcconfig"; sourceTree = "<group>"; };
		CDF4743E1BA4855C0087EA85 /* build.xcconfig */ = {isa = PBXFileReference; fileEncoding = 4; lastKnownFileType = text.xcconfig; path = build.xcconfig; sourceTree = "<group>"; };
		F9B8C6A31ACEDEEB00547416 /* en */ = {isa = PBXFileReference; lastKnownFileType = file.xib; name = en; path = en.lproj/LaunchScreen.xib; sourceTree = "<group>"; };
		61383BDCC71C45E3B9D6ACBD /* Default-568h@2x.png */ = {isa = PBXFileReference; lastKnownFileType = image.png; name = "Default-568h@2x.png"; path = "HelloAppNativeScript/Resources/Default-568h@2x.png"; sourceTree = "<group>"; };
		931852511F344FE8ACFCC4CF /* Default-667h@2x.png */ = {isa = PBXFileReference; lastKnownFileType = image.png; name = "Default-667h@2x.png"; path = "HelloAppNativeScript/Resources/Default-667h@2x.png"; sourceTree = "<group>"; };
		83D4DD8C8C7548AAB23DC75A /* Default-736h@3x.png */ = {isa = PBXFileReference; lastKnownFileType = image.png; name = "Default-736h@3x.png"; path = "HelloAppNativeScript/Resources/Default-736h@3x.png"; sourceTree = "<group>"; };
		1F6E2332348641948F51638B /* Default-Landscape-568h@2x.png */ = {isa = PBXFileReference; lastKnownFileType = image.png; name = "Default-Landscape-568h@2x.png"; path = "HelloAppNativeScript/Resources/Default-Landscape-568h@2x.png"; sourceTree = "<group>"; };
		F2BDED7BBBFA4FD691FBF0AF /* Default-Landscape-667h@2x.png */ = {isa = PBXFileReference; lastKnownFileType = image.png; name = "Default-Landscape-667h@2x.png"; path = "HelloAppNativeScript/Resources/Default-Landscape-667h@2x.png"; sourceTree = "<group>"; };
		F4BB2D4D993E446587ABF353 /* Default-Landscape.png */ = {isa = PBXFileReference; lastKnownFileType = image.png; name = "Default-Landscape.png"; path = "HelloAppNativeScript/Resources/Default-Landscape.png"; sourceTree = "<group>"; };
		05D3E6A40E0C4A7284DB9A23 /* Default-Landscape@2x.png */ = {isa = PBXFileReference; lastKnownFileType = image.png; name = "Default-Landscape@2x.png"; path = "HelloAppNativeScript/Resources/Default-Landscape@2x.png"; sourceTree = "<group>"; };
		82FD820AB1F14CEBBF531626 /* Default-Landscape@3x.png */ = {isa = PBXFileReference; lastKnownFileType = image.png; name = "Default-Landscape@3x.png"; path = "HelloAppNativeScript/Resources/Default-Landscape@3x.png"; sourceTree = "<group>"; };
		3AE780FE09B443B9A577E919 /* Default-Portrait.png */ = {isa = PBXFileReference; lastKnownFileType = image.png; name = "Default-Portrait.png"; path = "HelloAppNativeScript/Resources/Default-Portrait.png"; sourceTree = "<group>"; };
		436F6EA1FEA14A25868771E8 /* Default-Portrait@2x.png */ = {isa = PBXFileReference; lastKnownFileType = image.png; name = "Default-Portrait@2x.png"; path = "HelloAppNativeScript/Resources/Default-Portrait@2x.png"; sourceTree = "<group>"; };
		387DE20573EA48C1AC2A517D /* Default.png */ = {isa = PBXFileReference; lastKnownFileType = image.png; name = Default.png; path = "HelloAppNativeScript/Resources/Default.png"; sourceTree = "<group>"; };
		64FCD7ABDCB4438BA8035EA3 /* Default@2x.png */ = {isa = PBXFileReference; lastKnownFileType = image.png; name = "Default@2x.png"; path = "HelloAppNativeScript/Resources/Default@2x.png"; sourceTree = "<group>"; };
		098916EC098C4B00A3D08F47 /* Icon-Small-50.png */ = {isa = PBXFileReference; lastKnownFileType = image.png; name = "Icon-Small-50.png"; path = "HelloAppNativeScript/Resources/Icon-Small-50.png"; sourceTree = "<group>"; };
		77F15EC2084E459DA91CF965 /* Icon-Small-50@2x.png */ = {isa = PBXFileReference; lastKnownFileType = image.png; name = "Icon-Small-50@2x.png"; path = "HelloAppNativeScript/Resources/Icon-Small-50@2x.png"; sourceTree = "<group>"; };
		6A0DC6B356A44E158154C8FE /* Icon-Small.png */ = {isa = PBXFileReference; lastKnownFileType = image.png; name = "Icon-Small.png"; path = "HelloAppNativeScript/Resources/Icon-Small.png"; sourceTree = "<group>"; };
		30BBDD3E17AE4A8BB3253BEA /* Icon-Small@2x.png */ = {isa = PBXFileReference; lastKnownFileType = image.png; name = "Icon-Small@2x.png"; path = "HelloAppNativeScript/Resources/Icon-Small@2x.png"; sourceTree = "<group>"; };
		FD67E683217F477599A59C64 /* build.xcconfig */ = {isa = PBXFileReference; lastKnownFileType = unknown; name = build.xcconfig; path = "HelloAppNativeScript/Resources/build.xcconfig"; sourceTree = "<group>"; fileEncoding = 4; };
		519505ABB640420287D2A842 /* icon-40.png */ = {isa = PBXFileReference; lastKnownFileType = image.png; name = "icon-40.png"; path = "HelloAppNativeScript/Resources/icon-40.png"; sourceTree = "<group>"; };
		380DC8DE0E994FAC9B246678 /* icon-40@2x.png */ = {isa = PBXFileReference; lastKnownFileType = image.png; name = "icon-40@2x.png"; path = "HelloAppNativeScript/Resources/icon-40@2x.png"; sourceTree = "<group>"; };
		5F47D3E701EB4246928AC9CA /* icon-60.png */ = {isa = PBXFileReference; lastKnownFileType = image.png; name = "icon-60.png"; path = "HelloAppNativeScript/Resources/icon-60.png"; sourceTree = "<group>"; };
		EF6334527BF74089B4877082 /* icon-60@2x.png */ = {isa = PBXFileReference; lastKnownFileType = image.png; name = "icon-60@2x.png"; path = "HelloAppNativeScript/Resources/icon-60@2x.png"; sourceTree = "<group>"; };
		C8101F87D3E44397A2379CB1 /* icon-72.png */ = {isa = PBXFileReference; lastKnownFileType = image.png; name = "icon-72.png"; path = "HelloAppNativeScript/Resources/icon-72.png"; sourceTree = "<group>"; };
		38D369575ED44D78AFF1B155 /* icon-72@2x.png */ = {isa = PBXFileReference; lastKnownFileType = image.png; name = "icon-72@2x.png"; path = "HelloAppNativeScript/Resources/icon-72@2x.png"; sourceTree = "<group>"; };
		1092E3351FD14C8893741F80 /* icon-76.png */ = {isa = PBXFileReference; lastKnownFileType = image.png; name = "icon-76.png"; path = "HelloAppNativeScript/Resources/icon-76.png"; sourceTree = "<group>"; };
		8B8EE685325E4F2BB7E78206 /* icon-76@2x.png */ = {isa = PBXFileReference; lastKnownFileType = image.png; name = "icon-76@2x.png"; path = "HelloAppNativeScript/Resources/icon-76@2x.png"; sourceTree = "<group>"; };
		42D775B847E941E390BC0AB7 /* icon.png */ = {isa = PBXFileReference; lastKnownFileType = image.png; name = icon.png; path = "HelloAppNativeScript/Resources/icon.png"; sourceTree = "<group>"; };
		71C985B367A849D6A155F613 /* icon@2x.png */ = {isa = PBXFileReference; lastKnownFileType = image.png; name = "icon@2x.png"; path = "HelloAppNativeScript/Resources/icon@2x.png"; sourceTree = "<group>"; };
/* End PBXFileReference section */

/* Begin PBXFrameworksBuildPhase section */
		858B83F418CA22B800AB12DE /* Frameworks */ = {
			isa = PBXFrameworksBuildPhase;
			buildActionMask = 2147483647;
			files = (
			);
			runOnlyForDeploymentPostprocessing = 0;
		};
/* End PBXFrameworksBuildPhase section */

/* Begin PBXGroup section */
		858B832518CA111C00AB12DE = {
			isa = PBXGroup;
			children = (
				E070579D1B39A9D000214BF1 /* Resources */,
				858B833718CA111C00AB12DE /* HelloAppNativeScript */,
				858B833018CA111C00AB12DE /* Frameworks */,
				858B832F18CA111C00AB12DE /* Products */,
			);
			sourceTree = "<group>";
		};
		858B832F18CA111C00AB12DE /* Products */ = {
			isa = PBXGroup;
			children = (
				858B832E18CA111C00AB12DE /* HelloAppNativeScript.app */,
				858B843318CA22B800AB12DE /* HelloAppNativeScript.app */,
			);
			name = Products;
			sourceTree = "<group>";
		};
		858B833018CA111C00AB12DE /* Frameworks */ = {
			isa = PBXGroup;
			children = (
			);
			name = Frameworks;
			sourceTree = "<group>";
		};
		858B833718CA111C00AB12DE /* HelloAppNativeScript */ = {
			isa = PBXGroup;
			children = (
				CD45EE7A18DC2D5800FB50C0 /* app */,
				F9B8C6A21ACEDEEB00547416 /* LaunchScreen.xib */,
				858B833818CA111C00AB12DE /* Supporting Files */,
			);
			path = HelloAppNativeScript;
			sourceTree = "<group>";
		};
		858B833818CA111C00AB12DE /* Supporting Files */ = {
			isa = PBXGroup;
			children = (
				CDF4743E1BA4855C0087EA85 /* build.xcconfig */,
				CDD59A261BB43B5D00EC2671 /* build-debug.xcconfig */,
				CDD59A271BB43B5D00EC2671 /* build-release.xcconfig */,
				858B833918CA111C00AB12DE /* HelloAppNativeScript-Info.plist */,
				858B833A18CA111C00AB12DE /* InfoPlist.strings */,
				CD62955C1BB2678900AE3A93 /* main.m */,
				858B833F18CA111C00AB12DE /* HelloAppNativeScript-Prefix.pch */,
			);
			name = "Supporting Files";
			sourceTree = "<group>";
		};
		E070579D1B39A9D000214BF1 /* Resources */ = {
			isa = PBXGroup;
			children = (
				61383BDCC71C45E3B9D6ACBD /* Default-568h@2x.png */,
				931852511F344FE8ACFCC4CF /* Default-667h@2x.png */,
				83D4DD8C8C7548AAB23DC75A /* Default-736h@3x.png */,
				1F6E2332348641948F51638B /* Default-Landscape-568h@2x.png */,
				F2BDED7BBBFA4FD691FBF0AF /* Default-Landscape-667h@2x.png */,
				F4BB2D4D993E446587ABF353 /* Default-Landscape.png */,
				05D3E6A40E0C4A7284DB9A23 /* Default-Landscape@2x.png */,
				82FD820AB1F14CEBBF531626 /* Default-Landscape@3x.png */,
				3AE780FE09B443B9A577E919 /* Default-Portrait.png */,
				436F6EA1FEA14A25868771E8 /* Default-Portrait@2x.png */,
				387DE20573EA48C1AC2A517D /* Default.png */,
				64FCD7ABDCB4438BA8035EA3 /* Default@2x.png */,
				098916EC098C4B00A3D08F47 /* Icon-Small-50.png */,
				77F15EC2084E459DA91CF965 /* Icon-Small-50@2x.png */,
				6A0DC6B356A44E158154C8FE /* Icon-Small.png */,
				30BBDD3E17AE4A8BB3253BEA /* Icon-Small@2x.png */,
				FD67E683217F477599A59C64 /* build.xcconfig */,
				519505ABB640420287D2A842 /* icon-40.png */,
				380DC8DE0E994FAC9B246678 /* icon-40@2x.png */,
				5F47D3E701EB4246928AC9CA /* icon-60.png */,
				EF6334527BF74089B4877082 /* icon-60@2x.png */,
				C8101F87D3E44397A2379CB1 /* icon-72.png */,
				38D369575ED44D78AFF1B155 /* icon-72@2x.png */,
				1092E3351FD14C8893741F80 /* icon-76.png */,
				8B8EE685325E4F2BB7E78206 /* icon-76@2x.png */,
				42D775B847E941E390BC0AB7 /* icon.png */,
				71C985B367A849D6A155F613 /* icon@2x.png */,
			);
			name = Resources;
			sourceTree = "<group>";
		};
/* End PBXGroup section */

/* Begin PBXNativeTarget section */
		858B83EF18CA22B800AB12DE /* HelloAppNativeScript */ = {
			isa = PBXNativeTarget;
			buildConfigurationList = 858B843018CA22B800AB12DE /* Build configuration list for PBXNativeTarget "HelloAppNativeScript" */;
			buildPhases = (
				C97FD7AC1ADE5369004DB2A4 /* NativeScript PreBuild */,
				858B83F218CA22B800AB12DE /* Sources */,
				CD62955B1BB2651D00AE3A93 /* NativeScript PreLink */,
				858B83F418CA22B800AB12DE /* Frameworks */,
				858B842C18CA22B800AB12DE /* Resources */,
				85F5BDFC1A9363BE006B9701 /* Embed Frameworks */,
				CD3EAD351B05FF060042DBFC /* NativeScript PostBuild */,
			);
			buildRules = (
			);
			dependencies = (
			);
			name = HelloAppNativeScript;
			productName = JDBridgeApp;
			productReference = 858B843318CA22B800AB12DE /* HelloAppNativeScript.app */;
			productType = "com.apple.product-type.application";
		};
/* End PBXNativeTarget section */

/* Begin PBXProject section */
		858B832618CA111C00AB12DE /* Project object */ = {
			isa = PBXProject;
			attributes = {
				CLASSPREFIX = TNS;
				LastUpgradeCheck = 500;
				ORGANIZATIONNAME = Telerik;
			};
			buildConfigurationList = 858B832918CA111C00AB12DE /* Build configuration list for PBXProject "HelloAppNativeScript" */;
			compatibilityVersion = "Xcode 3.2";
			developmentRegion = English;
			hasScannedForEncodings = 0;
			knownRegions = (
				en,
			);
			mainGroup = 858B832518CA111C00AB12DE;
			productRefGroup = 858B832F18CA111C00AB12DE /* Products */;
			projectDirPath = "";
			projectRoot = "";
			targets = (
				858B83EF18CA22B800AB12DE /* HelloAppNativeScript */,
			);
		};
/* End PBXProject section */

/* Begin PBXResourcesBuildPhase section */
		858B842C18CA22B800AB12DE /* Resources */ = {
			isa = PBXResourcesBuildPhase;
			buildActionMask = 2147483647;
			files = (
				CD45EE7C18DC2D5800FB50C0 /* app in Resources */,
				858B842D18CA22B800AB12DE /* InfoPlist.strings in Resources */,
				1969C998B9B44F35AE99B82B /* Default-568h@2x.png in Resources */,
				9609DACA8DD3453FA125199C /* Default-667h@2x.png in Resources */,
				ADFCBEF07F1B4F1699899BEE /* Default-736h@3x.png in Resources */,
				4E48B7BE7EAA4475A81B4AB6 /* Default-Landscape-568h@2x.png in Resources */,
				9D71E63F2C374209B86306E5 /* Default-Landscape-667h@2x.png in Resources */,
				59244714268C47CEB0EF91B9 /* Default-Landscape.png in Resources */,
				F26DF5727BF54D8B9F9105F8 /* Default-Landscape@2x.png in Resources */,
				B55A439BE9F247D4B95963AD /* Default-Landscape@3x.png in Resources */,
				D13ED94F9AB347E0A8BC373D /* Default-Portrait.png in Resources */,
				C3C7EFFCE2EC4E28A4D628DB /* Default-Portrait@2x.png in Resources */,
				115E56C380DE4C5F8200C48B /* Default.png in Resources */,
				F60D8F88BB1448028372E4ED /* Default@2x.png in Resources */,
				ECDB51CC5491487D989759D9 /* Icon-Small-50.png in Resources */,
				B9B4C00BA3F2438386CB2586 /* Icon-Small-50@2x.png in Resources */,
				75A37ACB37BD43CFB7C51B6A /* Icon-Small.png in Resources */,
				366242EB9DDF40C0BBCB930C /* Icon-Small@2x.png in Resources */,
				F5ADDF907EA54235AC8DAC4F /* build.xcconfig in Resources */,
				4C9EDFE3DDDC49A7A888D2A0 /* icon-40.png in Resources */,
				D2F4E2B48F4B4573A1A8F810 /* icon-40@2x.png in Resources */,
				A7E1AD7AE31E422AA8A88BF6 /* icon-60.png in Resources */,
				8B6388741C9A468A90FA86D0 /* icon-60@2x.png in Resources */,
				E80437693A914C71AF9037A7 /* icon-72.png in Resources */,
				B0F30689025E41E197EDD2AE /* icon-72@2x.png in Resources */,
				0820147E09E64424958BFCA6 /* icon-76.png in Resources */,
				9FB088631EAE41AA968FCB1C /* icon-76@2x.png in Resources */,
				F297A822AAF1480FB3BB3A6F /* icon.png in Resources */,
				850B98806C5C46879331DBD4 /* icon@2x.png in Resources */,
			);
			runOnlyForDeploymentPostprocessing = 0;
		};
/* End PBXResourcesBuildPhase section */

/* Begin PBXShellScriptBuildPhase section */
		C97FD7AC1ADE5369004DB2A4 /* NativeScript PreBuild */ = {
			isa = PBXShellScriptBuildPhase;
			buildActionMask = 2147483647;
			files = (
			);
			inputPaths = (
			);
			name = "NativeScript PreBuild";
			outputPaths = (
			);
			runOnlyForDeploymentPostprocessing = 0;
			shellPath = /bin/sh;
			shellScript = "\"$SRCROOT/internal/nativescript-pre-build\"";
			showEnvVarsInLog = 0;
		};
		CD3EAD351B05FF060042DBFC /* NativeScript PostBuild */ = {
			isa = PBXShellScriptBuildPhase;
			buildActionMask = 2147483647;
			files = (
			);
			inputPaths = (
			);
			name = "NativeScript PostBuild";
			outputPaths = (
			);
			runOnlyForDeploymentPostprocessing = 0;
			shellPath = /bin/sh;
			shellScript = "\"$SRCROOT/internal/nativescript-post-build\"";
			showEnvVarsInLog = 0;
		};
		CD62955B1BB2651D00AE3A93 /* NativeScript PreLink */ = {
			isa = PBXShellScriptBuildPhase;
			buildActionMask = 2147483647;
			files = (
			);
			inputPaths = (
			);
			name = "NativeScript PreLink";
			outputPaths = (
			);
			runOnlyForDeploymentPostprocessing = 0;
			shellPath = /bin/sh;
			shellScript = "\"$SRCROOT/internal/nativescript-pre-link\"";
			showEnvVarsInLog = 0;
		};
/* End PBXShellScriptBuildPhase section */

/* Begin PBXSourcesBuildPhase section */
		858B83F218CA22B800AB12DE /* Sources */ = {
			isa = PBXSourcesBuildPhase;
			buildActionMask = 2147483647;
			files = (
				CD62955D1BB2678900AE3A93 /* main.m in Sources */,
			);
			runOnlyForDeploymentPostprocessing = 0;
		};
/* End PBXSourcesBuildPhase section */

/* Begin PBXVariantGroup section */
		858B833A18CA111C00AB12DE /* InfoPlist.strings */ = {
			isa = PBXVariantGroup;
			children = (
				858B833B18CA111C00AB12DE /* en */,
			);
			name = InfoPlist.strings;
			sourceTree = "<group>";
		};
		F9B8C6A21ACEDEEB00547416 /* LaunchScreen.xib */ = {
			isa = PBXVariantGroup;
			children = (
				F9B8C6A31ACEDEEB00547416 /* en */,
			);
			name = LaunchScreen.xib;
			sourceTree = "<group>";
		};
/* End PBXVariantGroup section */

/* Begin XCBuildConfiguration section */
		858B835818CA111C00AB12DE /* Debug */ = {
			isa = XCBuildConfiguration;
			buildSettings = {
				ALWAYS_SEARCH_USER_PATHS = NO;
				ARCHS = "$(ARCHS_STANDARD)";
				CLANG_CXX_LANGUAGE_STANDARD = "gnu++0x";
				CLANG_CXX_LIBRARY = "libc++";
				CLANG_ENABLE_MODULES = YES;
				CLANG_ENABLE_OBJC_ARC = YES;
				CLANG_WARN_BOOL_CONVERSION = YES;
				CLANG_WARN_CONSTANT_CONVERSION = YES;
				CLANG_WARN_DIRECT_OBJC_ISA_USAGE = YES_ERROR;
				CLANG_WARN_EMPTY_BODY = YES;
				CLANG_WARN_ENUM_CONVERSION = YES;
				CLANG_WARN_INT_CONVERSION = YES;
				CLANG_WARN_OBJC_ROOT_CLASS = YES_ERROR;
				CLANG_WARN__DUPLICATE_METHOD_MATCH = YES;
				"CODE_SIGN_IDENTITY[sdk=iphoneos*]" = "iPhone Developer";
				COPY_PHASE_STRIP = NO;
				GCC_C_LANGUAGE_STANDARD = gnu99;
				GCC_DYNAMIC_NO_PIC = NO;
				GCC_OPTIMIZATION_LEVEL = 0;
				GCC_SYMBOLS_PRIVATE_EXTERN = NO;
				GCC_WARN_64_TO_32_BIT_CONVERSION = YES;
				GCC_WARN_ABOUT_RETURN_TYPE = YES_ERROR;
				GCC_WARN_UNDECLARED_SELECTOR = YES;
				GCC_WARN_UNINITIALIZED_AUTOS = YES;
				GCC_WARN_UNUSED_FUNCTION = YES;
				GCC_WARN_UNUSED_VARIABLE = YES;
				IPHONEOS_DEPLOYMENT_TARGET = 7.0;
				ONLY_ACTIVE_ARCH = YES;
				SDKROOT = iphoneos;
				TARGETED_DEVICE_FAMILY = "1,2";
				VALID_ARCHS = "armv7 arm64";
			};
			name = Debug;
		};
		858B835918CA111C00AB12DE /* Release */ = {
			isa = XCBuildConfiguration;
			buildSettings = {
				ALWAYS_SEARCH_USER_PATHS = NO;
				ARCHS = "$(ARCHS_STANDARD)";
				CLANG_CXX_LANGUAGE_STANDARD = "gnu++0x";
				CLANG_CXX_LIBRARY = "libc++";
				CLANG_ENABLE_MODULES = YES;
				CLANG_ENABLE_OBJC_ARC = YES;
				CLANG_WARN_BOOL_CONVERSION = YES;
				CLANG_WARN_CONSTANT_CONVERSION = YES;
				CLANG_WARN_DIRECT_OBJC_ISA_USAGE = YES_ERROR;
				CLANG_WARN_EMPTY_BODY = YES;
				CLANG_WARN_ENUM_CONVERSION = YES;
				CLANG_WARN_INT_CONVERSION = YES;
				CLANG_WARN_OBJC_ROOT_CLASS = YES_ERROR;
				CLANG_WARN__DUPLICATE_METHOD_MATCH = YES;
				"CODE_SIGN_IDENTITY[sdk=iphoneos*]" = "iPhone Developer";
				COPY_PHASE_STRIP = YES;
				ENABLE_NS_ASSERTIONS = NO;
				GCC_C_LANGUAGE_STANDARD = gnu99;
				GCC_WARN_64_TO_32_BIT_CONVERSION = YES;
				GCC_WARN_ABOUT_RETURN_TYPE = YES_ERROR;
				GCC_WARN_UNDECLARED_SELECTOR = YES;
				GCC_WARN_UNINITIALIZED_AUTOS = YES;
				GCC_WARN_UNUSED_FUNCTION = YES;
				GCC_WARN_UNUSED_VARIABLE = YES;
				IPHONEOS_DEPLOYMENT_TARGET = 7.0;
				SDKROOT = iphoneos;
				TARGETED_DEVICE_FAMILY = "1,2";
				VALIDATE_PRODUCT = YES;
				VALID_ARCHS = "armv7 arm64";
			};
			name = Release;
		};
		858B843118CA22B800AB12DE /* Debug */ = {
			isa = XCBuildConfiguration;
			baseConfigurationReference = CDD59A261BB43B5D00EC2671 /* build-debug.xcconfig */;
			buildSettings = {
				ARCHS = "$(ARCHS_STANDARD)";
				CLANG_ENABLE_MODULES = NO;
				CLANG_MODULES_AUTOLINK = NO;
				ENABLE_BITCODE = NO;
				GCC_PRECOMPILE_PREFIX_HEADER = YES;
				GCC_PREFIX_HEADER = "HelloAppNativeScript/HelloAppNativeScript-Prefix.pch";
				GCC_PREPROCESSOR_DEFINITIONS = (
					"$(inherited)",
					"DEBUG=1",
				);
				INFOPLIST_FILE = "$(SRCROOT)/HelloAppNativeScript/HelloAppNativeScript-Info.plist";
				LD_RUNPATH_SEARCH_PATHS = "$(inherited) @executable_path/Frameworks";
				PRODUCT_NAME = HelloAppNativeScript;
				VALID_ARCHS = "armv7 arm64";
				WRAPPER_EXTENSION = app;
			};
			name = Debug;
		};
		858B843218CA22B800AB12DE /* Release */ = {
			isa = XCBuildConfiguration;
			baseConfigurationReference = CDD59A271BB43B5D00EC2671 /* build-release.xcconfig */;
			buildSettings = {
				ARCHS = "$(ARCHS_STANDARD)";
				CLANG_ENABLE_MODULES = NO;
				CLANG_MODULES_AUTOLINK = NO;
				ENABLE_BITCODE = NO;
				GCC_PRECOMPILE_PREFIX_HEADER = YES;
				GCC_PREFIX_HEADER = "HelloAppNativeScript/HelloAppNativeScript-Prefix.pch";
				INFOPLIST_FILE = "$(SRCROOT)/HelloAppNativeScript/HelloAppNativeScript-Info.plist";
				LD_RUNPATH_SEARCH_PATHS = "$(inherited) @executable_path/Frameworks";
				PRODUCT_NAME = HelloAppNativeScript;
				VALID_ARCHS = "armv7 arm64";
				WRAPPER_EXTENSION = app;
			};
			name = Release;
		};
/* End XCBuildConfiguration section */

/* Begin XCConfigurationList section */
		858B832918CA111C00AB12DE /* Build configuration list for PBXProject "HelloAppNativeScript" */ = {
			isa = XCConfigurationList;
			buildConfigurations = (
				858B835818CA111C00AB12DE /* Debug */,
				858B835918CA111C00AB12DE /* Release */,
			);
			defaultConfigurationIsVisible = 0;
			defaultConfigurationName = Release;
		};
		858B843018CA22B800AB12DE /* Build configuration list for PBXNativeTarget "HelloAppNativeScript" */ = {
			isa = XCConfigurationList;
			buildConfigurations = (
				858B843118CA22B800AB12DE /* Debug */,
				858B843218CA22B800AB12DE /* Release */,
			);
			defaultConfigurationIsVisible = 0;
			defaultConfigurationName = Release;
		};
/* End XCConfigurationList section */
	};
	rootObject = 858B832618CA111C00AB12DE /* Project object */;
}
